{
  "name": "dragger",
  "version": "1.0.0",
  "lockfileVersion": 1,
  "requires": true,
  "dependencies": {
    "angular": {
      "version": "1.6.0",
      "resolved": "https://registry.npmjs.org/angular/-/angular-1.6.0.tgz",
      "integrity": "sha1-FsXt69CjQgRr1Sgcyi3s8ExA33Y="
    },
    "angular-route": {
      "version": "1.6.0",
      "resolved": "https://registry.npmjs.org/angular-route/-/angular-route-1.6.0.tgz",
      "integrity": "sha1-3pR40KI1mRImoYdvKd4ss/taBCU="
    },
    "bootstrap": {
      "version": "3.3.7",
      "resolved": "https://registry.npmjs.org/bootstrap/-/bootstrap-3.3.7.tgz",
      "integrity": "sha1-WjiTlFSfIzMIdaOxUGVldPip63E="
    },
    "jquery": {
      "version": "3.4.0",
      "resolved": "https://registry.npmjs.org/jquery/-/jquery-3.4.0.tgz",
      "integrity": "sha512-ggRCXln9zEqv6OqAGXFEcshF5dSBvCkzj6Gm2gzuR5fWawaX8t7cxKVkkygKODrDAzKdoYw3l/e3pm3vlT4IbQ=="
    },
    "sweetalert2": {
      "version": "8.10.7",
      "resolved": "https://registry.npmjs.org/sweetalert2/-/sweetalert2-8.10.7.tgz",
      "integrity": "sha512-C+bW8QiN/sv1EgemKYZTz9FXWyAdYLzhXfgkVxCX1/JNsiS3e9CmZizpelvPqSBw5hPULlN5iAC2En1f7/G1DQ=="
    }
  }
}
